
Microsoft Visual Studio Solution File, Format Version 12.00
# Visual Studio Version 16
VisualStudioVersion = 16.0.28803.452
MinimumVisualStudioVersion = 10.0.40219.1
Project("{00D1A9C2-B5F0-4AF3-8072-F6C62B433612}") = "HelloSQL", "HelloSQL\HelloSQL.sqlproj", "{0FF969B8-FE4B-4D22-B26D-F481E3CB5E90}"
EndProject
Project("{2150E333-8FDC-42A3-9474-1A3956D46DE8}") = "Solution Items", "Solution Items", "{DA5E3A97-61C3-4927-9D38-3DDB36B3D64E}"
	ProjectSection(SolutionItems) = preProject
		Readme.md = Readme.md
	EndProjectSection
EndProject
Global
	GlobalSection(SolutionConfigurationPlatforms) = preSolution
		Debug|Any CPU = Debug|Any CPU
		Release|Any CPU = Release|Any CPU
	EndGlobalSection
	GlobalSection(ProjectConfigurationPlatforms) = postSolution
		{0FF969B8-FE4B-4D22-B26D-F481E3CB5E90}.Debug|Any CPU.ActiveCfg = Debug|Any CPU
		{0FF969B8-FE4B-4D22-B26D-F481E3CB5E90}.Debug|Any CPU.Build.0 = Debug|Any CPU
		{0FF969B8-FE4B-4D22-B26D-F481E3CB5E90}.Debug|Any CPU.Deploy.0 = Debug|Any CPU
		{0FF969B8-FE4B-4D22-B26D-F481E3CB5E90}.Release|Any CPU.ActiveCfg = Release|Any CPU
		{0FF969B8-FE4B-4D22-B26D-F481E3CB5E90}.Release|Any CPU.Build.0 = Release|Any CPU
		{0FF969B8-FE4B-4D22-B26D-F481E3CB5E90}.Release|Any CPU.Deploy.0 = Release|Any CPU
	EndGlobalSection
	GlobalSection(SolutionProperties) = preSolution
		HideSolutionNode = FALSE
	EndGlobalSection
	GlobalSection(ExtensibilityGlobals) = postSolution
		SolutionGuid = {FD82B410-B1DB-43A1-BB77-33F7780C4445}
	EndGlobalSection
EndGlobal
